// !$*UTF8*$!
{
	archiveVersion = 1;
	classes = {
	};
	objectVersion = 46;
	objects = {

/* Begin PBXBuildFile section */
		895816A91A03C29B00FF5FB0 /* CoreLocation.framework in Frameworks */ = {isa = PBXBuildFile; fileRef = 895816A81A03C29B00FF5FB0 /* CoreLocation.framework */; };
		895816AC1A03C58200FF5FB0 /* Group.m in Sources */ = {isa = PBXBuildFile; fileRef = 895816AB1A03C58200FF5FB0 /* Group.m */; };
		895816B01A03CA0B00FF5FB0 /* MeetupCommunicator.m in Sources */ = {isa = PBXBuildFile; fileRef = 895816AF1A03CA0B00FF5FB0 /* MeetupCommunicator.m */; };
		895816B31A03CED800FF5FB0 /* GroupBuilder.m in Sources */ = {isa = PBXBuildFile; fileRef = 895816B21A03CED800FF5FB0 /* GroupBuilder.m */; };
		895816B71A03D89A00FF5FB0 /* MeetupManager.m in Sources */ = {isa = PBXBuildFile; fileRef = 895816B61A03D89A00FF5FB0 /* MeetupManager.m */; };
		895816B91A03E19B00FF5FB0 /* README.md in Resources */ = {isa = PBXBuildFile; fileRef = 895816B81A03E19B00FF5FB0 /* README.md */; };
		89D012C41A0282220003DE72 /* Foundation.framework in Frameworks */ = {isa = PBXBuildFile; fileRef = 89D012C31A0282220003DE72 /* Foundation.framework */; };
		89D012C61A0282220003DE72 /* CoreGraphics.framework in Frameworks */ = {isa = PBXBuildFile; fileRef = 89D012C51A0282220003DE72 /* CoreGraphics.framework */; };
		89D012C81A0282230003DE72 /* UIKit.framework in Frameworks */ = {isa = PBXBuildFile; fileRef = 89D012C71A0282220003DE72 /* UIKit.framework */; };
		89D012CE1A0282230003DE72 /* InfoPlist.strings in Resources */ = {isa = PBXBuildFile; fileRef = 89D012CC1A0282230003DE72 /* InfoPlist.strings */; };
		89D012D01A0282230003DE72 /* main.m in Sources */ = {isa = PBXBuildFile; fileRef = 89D012CF1A0282230003DE72 /* main.m */; };
		89D012D41A0282230003DE72 /* AppDelegate.m in Sources */ = {isa = PBXBuildFile; fileRef = 89D012D31A0282230003DE72 /* AppDelegate.m */; };
		89D012D71A0282230003DE72 /* Main.storyboard in Resources */ = {isa = PBXBuildFile; fileRef = 89D012D51A0282230003DE72 /* Main.storyboard */; };
		89D012DA1A0282230003DE72 /* MasterViewController.m in Sources */ = {isa = PBXBuildFile; fileRef = 89D012D91A0282230003DE72 /* MasterViewController.m */; };
		89D012DF1A0282230003DE72 /* Images.xcassets in Resources */ = {isa = PBXBuildFile; fileRef = 89D012DE1A0282230003DE72 /* Images.xcassets */; };
		89D012E61A0282230003DE72 /* XCTest.framework in Frameworks */ = {isa = PBXBuildFile; fileRef = 89D012E51A0282230003DE72 /* XCTest.framework */; };
		89D012E71A0282230003DE72 /* Foundation.framework in Frameworks */ = {isa = PBXBuildFile; fileRef = 89D012C31A0282220003DE72 /* Foundation.framework */; };
		89D012E81A0282230003DE72 /* UIKit.framework in Frameworks */ = {isa = PBXBuildFile; fileRef = 89D012C71A0282220003DE72 /* UIKit.framework */; };
		89D012F01A0282230003DE72 /* InfoPlist.strings in Resources */ = {isa = PBXBuildFile; fileRef = 89D012EE1A0282230003DE72 /* InfoPlist.strings */; };
		89D012F21A0282230003DE72 /* BrowseMeetupTests.m in Sources */ = {isa = PBXBuildFile; fileRef = 89D012F11A0282230003DE72 /* BrowseMeetupTests.m */; };
		89D012FD1A0287660003DE72 /* DetailCell.m in Sources */ = {isa = PBXBuildFile; fileRef = 89D012FC1A0287660003DE72 /* DetailCell.m */; };
/* End PBXBuildFile section */

/* Begin PBXContainerItemProxy section */
		89D012E91A0282230003DE72 /* PBXContainerItemProxy */ = {
			isa = PBXContainerItemProxy;
			containerPortal = 89D012B81A0282220003DE72 /* Project object */;
			proxyType = 1;
			remoteGlobalIDString = 89D012BF1A0282220003DE72;
			remoteInfo = BrowseMeetup;
		};
/* End PBXContainerItemProxy section */

/* Begin PBXFileReference section */
		895816A81A03C29B00FF5FB0 /* CoreLocation.framework */ = {isa = PBXFileReference; lastKnownFileType = wrapper.framework; name = CoreLocation.framework; path = System/Library/Frameworks/CoreLocation.framework; sourceTree = SDKROOT; };
		895816AA1A03C58200FF5FB0 /* Group.h */ = {isa = PBXFileReference; fileEncoding = 4; lastKnownFileType = sourcecode.c.h; path = Group.h; sourceTree = "<group>"; };
		895816AB1A03C58200FF5FB0 /* Group.m */ = {isa = PBXFileReference; fileEncoding = 4; lastKnownFileType = sourcecode.c.objc; path = Group.m; sourceTree = "<group>"; };
		895816AD1A03C85100FF5FB0 /* MeetupCommunicatorDelegate.h */ = {isa = PBXFileReference; fileEncoding = 4; lastKnownFileType = sourcecode.c.h; path = MeetupCommunicatorDelegate.h; sourceTree = "<group>"; };
		895816AE1A03CA0B00FF5FB0 /* MeetupCommunicator.h */ = {isa = PBXFileReference; fileEncoding = 4; lastKnownFileType = sourcecode.c.h; path = MeetupCommunicator.h; sourceTree = "<group>"; };
		895816AF1A03CA0B00FF5FB0 /* MeetupCommunicator.m */ = {isa = PBXFileReference; fileEncoding = 4; lastKnownFileType = sourcecode.c.objc; path = MeetupCommunicator.m; sourceTree = "<group>"; };
		895816B11A03CED800FF5FB0 /* GroupBuilder.h */ = {isa = PBXFileReference; fileEncoding = 4; lastKnownFileType = sourcecode.c.h; path = GroupBuilder.h; sourceTree = "<group>"; };
		895816B21A03CED800FF5FB0 /* GroupBuilder.m */ = {isa = PBXFileReference; fileEncoding = 4; lastKnownFileType = sourcecode.c.objc; path = GroupBuilder.m; sourceTree = "<group>"; };
		895816B41A03D57700FF5FB0 /* MeetupManagerDelegate.h */ = {isa = PBXFileReference; fileEncoding = 4; lastKnownFileType = sourcecode.c.h; path = MeetupManagerDelegate.h; sourceTree = "<group>"; };
		895816B51A03D89A00FF5FB0 /* MeetupManager.h */ = {isa = PBXFileReference; fileEncoding = 4; lastKnownFileType = sourcecode.c.h; path = MeetupManager.h; sourceTree = "<group>"; };
		895816B61A03D89A00FF5FB0 /* MeetupManager.m */ = {isa = PBXFileReference; fileEncoding = 4; lastKnownFileType = sourcecode.c.objc; path = MeetupManager.m; sourceTree = "<group>"; };
		895816B81A03E19B00FF5FB0 /* README.md */ = {isa = PBXFileReference; fileEncoding = 4; lastKnownFileType = text; path = README.md; sourceTree = "<group>"; };
		89D012C01A0282220003DE72 /* BrowseMeetup.app */ = {isa = PBXFileReference; explicitFileType = wrapper.application; includeInIndex = 0; path = BrowseMeetup.app; sourceTree = BUILT_PRODUCTS_DIR; };
		89D012C31A0282220003DE72 /* Foundation.framework */ = {isa = PBXFileReference; lastKnownFileType = wrapper.framework; name = Foundation.framework; path = System/Library/Frameworks/Foundation.framework; sourceTree = SDKROOT; };
		89D012C51A0282220003DE72 /* CoreGraphics.framework */ = {isa = PBXFileReference; lastKnownFileType = wrapper.framework; name = CoreGraphics.framework; path = System/Library/Frameworks/CoreGraphics.framework; sourceTree = SDKROOT; };
		89D012C71A0282220003DE72 /* UIKit.framework */ = {isa = PBXFileReference; lastKnownFileType = wrapper.framework; name = UIKit.framework; path = System/Library/Frameworks/UIKit.framework; sourceTree = SDKROOT; };
		89D012CB1A0282230003DE72 /* BrowseMeetup-Info.plist */ = {isa = PBXFileReference; lastKnownFileType = text.plist.xml; path = "BrowseMeetup-Info.plist"; sourceTree = "<group>"; };
		89D012CD1A0282230003DE72 /* en */ = {isa = PBXFileReference; lastKnownFileType = text.plist.strings; name = en; path = en.lproj/InfoPlist.strings; sourceTree = "<group>"; };
		89D012CF1A0282230003DE72 /* main.m */ = {isa = PBXFileReference; lastKnownFileType = sourcecode.c.objc; path = main.m; sourceTree = "<group>"; };
		89D012D11A0282230003DE72 /* BrowseMeetup-Prefix.pch */ = {isa = PBXFileReference; lastKnownFileType = sourcecode.c.h; path = "BrowseMeetup-Prefix.pch"; sourceTree = "<group>"; };
		89D012D21A0282230003DE72 /* AppDelegate.h */ = {isa = PBXFileReference; lastKnownFileType = sourcecode.c.h; path = AppDelegate.h; sourceTree = "<group>"; };
		89D012D31A0282230003DE72 /* AppDelegate.m */ = {isa = PBXFileReference; lastKnownFileType = sourcecode.c.objc; path = AppDelegate.m; sourceTree = "<group>"; };
		89D012D61A0282230003DE72 /* Base */ = {isa = PBXFileReference; lastKnownFileType = file.storyboard; name = Base; path = Base.lproj/Main.storyboard; sourceTree = "<group>"; };
		89D012D81A0282230003DE72 /* MasterViewController.h */ = {isa = PBXFileReference; lastKnownFileType = sourcecode.c.h; path = MasterViewController.h; sourceTree = "<group>"; };
		89D012D91A0282230003DE72 /* MasterViewController.m */ = {isa = PBXFileReference; lastKnownFileType = sourcecode.c.objc; path = MasterViewController.m; sourceTree = "<group>"; };
		89D012DE1A0282230003DE72 /* Images.xcassets */ = {isa = PBXFileReference; lastKnownFileType = folder.assetcatalog; path = Images.xcassets; sourceTree = "<group>"; };
		89D012E41A0282230003DE72 /* BrowseMeetupTests.xctest */ = {isa = PBXFileReference; explicitFileType = wrapper.cfbundle; includeInIndex = 0; path = BrowseMeetupTests.xctest; sourceTree = BUILT_PRODUCTS_DIR; };
		89D012E51A0282230003DE72 /* XCTest.framework */ = {isa = PBXFileReference; lastKnownFileType = wrapper.framework; name = XCTest.framework; path = Library/Frameworks/XCTest.framework; sourceTree = DEVELOPER_DIR; };
		89D012ED1A0282230003DE72 /* BrowseMeetupTests-Info.plist */ = {isa = PBXFileReference; lastKnownFileType = text.plist.xml; path = "BrowseMeetupTests-Info.plist"; sourceTree = "<group>"; };
		89D012EF1A0282230003DE72 /* en */ = {isa = PBXFileReference; lastKnownFileType = text.plist.strings; name = en; path = en.lproj/InfoPlist.strings; sourceTree = "<group>"; };
		89D012F11A0282230003DE72 /* BrowseMeetupTests.m */ = {isa = PBXFileReference; lastKnownFileType = sourcecode.c.objc; path = BrowseMeetupTests.m; sourceTree = "<group>"; };
		89D012FB1A0287660003DE72 /* DetailCell.h */ = {isa = PBXFileReference; fileEncoding = 4; lastKnownFileType = sourcecode.c.h; path = DetailCell.h; sourceTree = "<group>"; };
		89D012FC1A0287660003DE72 /* DetailCell.m */ = {isa = PBXFileReference; fileEncoding = 4; lastKnownFileType = sourcecode.c.objc; path = DetailCell.m; sourceTree = "<group>"; };
/* End PBXFileReference section */

/* Begin PBXFrameworksBuildPhase section */
		89D012BD1A0282220003DE72 /* Frameworks */ = {
			isa = PBXFrameworksBuildPhase;
			buildActionMask = 2147483647;
			files = (
				895816A91A03C29B00FF5FB0 /* CoreLocation.framework in Frameworks */,
				89D012C61A0282220003DE72 /* CoreGraphics.framework in Frameworks */,
				89D012C81A0282230003DE72 /* UIKit.framework in Frameworks */,
				89D012C41A0282220003DE72 /* Foundation.framework in Frameworks */,
			);
			runOnlyForDeploymentPostprocessing = 0;
		};
		89D012E11A0282230003DE72 /* Frameworks */ = {
			isa = PBXFrameworksBuildPhase;
			buildActionMask = 2147483647;
			files = (
				89D012E61A0282230003DE72 /* XCTest.framework in Frameworks */,
				89D012E81A0282230003DE72 /* UIKit.framework in Frameworks */,
				89D012E71A0282230003DE72 /* Foundation.framework in Frameworks */,
			);
			runOnlyForDeploymentPostprocessing = 0;
		};
/* End PBXFrameworksBuildPhase section */

/* Begin PBXGroup section */
		89D012B71A0282220003DE72 = {
			isa = PBXGroup;
			children = (
				895816B81A03E19B00FF5FB0 /* README.md */,
				89D012C91A0282230003DE72 /* BrowseMeetup */,
				89D012EB1A0282230003DE72 /* BrowseMeetupTests */,
				89D012C21A0282220003DE72 /* Frameworks */,
				89D012C11A0282220003DE72 /* Products */,
			);
			sourceTree = "<group>";
		};
		89D012C11A0282220003DE72 /* Products */ = {
			isa = PBXGroup;
			children = (
				89D012C01A0282220003DE72 /* BrowseMeetup.app */,
				89D012E41A0282230003DE72 /* BrowseMeetupTests.xctest */,
			);
			name = Products;
			sourceTree = "<group>";
		};
		89D012C21A0282220003DE72 /* Frameworks */ = {
			isa = PBXGroup;
			children = (
				895816A81A03C29B00FF5FB0 /* CoreLocation.framework */,
				89D012C31A0282220003DE72 /* Foundation.framework */,
				89D012C51A0282220003DE72 /* CoreGraphics.framework */,
				89D012C71A0282220003DE72 /* UIKit.framework */,
				89D012E51A0282230003DE72 /* XCTest.framework */,
			);
			name = Frameworks;
			sourceTree = "<group>";
		};
		89D012C91A0282230003DE72 /* BrowseMeetup */ = {
			isa = PBXGroup;
			children = (
				89D012D21A0282230003DE72 /* AppDelegate.h */,
				89D012D31A0282230003DE72 /* AppDelegate.m */,
				89D012D51A0282230003DE72 /* Main.storyboard */,
				89D012FB1A0287660003DE72 /* DetailCell.h */,
				89D012FC1A0287660003DE72 /* DetailCell.m */,
				89D012D81A0282230003DE72 /* MasterViewController.h */,
				89D012D91A0282230003DE72 /* MasterViewController.m */,
				895816AA1A03C58200FF5FB0 /* Group.h */,
				895816AB1A03C58200FF5FB0 /* Group.m */,
				895816B11A03CED800FF5FB0 /* GroupBuilder.h */,
				895816B21A03CED800FF5FB0 /* GroupBuilder.m */,
				895816B51A03D89A00FF5FB0 /* MeetupManager.h */,
				895816B61A03D89A00FF5FB0 /* MeetupManager.m */,
				895816B41A03D57700FF5FB0 /* MeetupManagerDelegate.h */,
				895816AE1A03CA0B00FF5FB0 /* MeetupCommunicator.h */,
				895816AF1A03CA0B00FF5FB0 /* MeetupCommunicator.m */,
				895816AD1A03C85100FF5FB0 /* MeetupCommunicatorDelegate.h */,
				89D012DE1A0282230003DE72 /* Images.xcassets */,
				89D012CA1A0282230003DE72 /* Supporting Files */,
			);
			path = BrowseMeetup;
			sourceTree = "<group>";
		};
		89D012CA1A0282230003DE72 /* Supporting Files */ = {
			isa = PBXGroup;
			children = (
				89D012CB1A0282230003DE72 /* BrowseMeetup-Info.plist */,
				89D012CC1A0282230003DE72 /* InfoPlist.strings */,
				89D012CF1A0282230003DE72 /* main.m */,
				89D012D11A0282230003DE72 /* BrowseMeetup-Prefix.pch */,
			);
			name = "Supporting Files";
			sourceTree = "<group>";
		};
		89D012EB1A0282230003DE72 /* BrowseMeetupTests */ = {
			isa = PBXGroup;
			children = (
				89D012F11A0282230003DE72 /* BrowseMeetupTests.m */,
				89D012EC1A0282230003DE72 /* Supporting Files */,
			);
			path = BrowseMeetupTests;
			sourceTree = "<group>";
		};
		89D012EC1A0282230003DE72 /* Supporting Files */ = {
			isa = PBXGroup;
			children = (
				89D012ED1A0282230003DE72 /* BrowseMeetupTests-Info.plist */,
				89D012EE1A0282230003DE72 /* InfoPlist.strings */,
			);
			name = "Supporting Files";
			sourceTree = "<group>";
		};
/* End PBXGroup section */

/* Begin PBXNativeTarget section */
		89D012BF1A0282220003DE72 /* BrowseMeetup */ = {
			isa = PBXNativeTarget;
			buildConfigurationList = 89D012F51A0282230003DE72 /* Build configuration list for PBXNativeTarget "BrowseMeetup" */;
			buildPhases = (
				89D012BC1A0282220003DE72 /* Sources */,
				89D012BD1A0282220003DE72 /* Frameworks */,
				89D012BE1A0282220003DE72 /* Resources */,
			);
			buildRules = (
			);
			dependencies = (
			);
			name = BrowseMeetup;
			productName = BrowseMeetup;
			productReference = 89D012C01A0282220003DE72 /* BrowseMeetup.app */;
			productType = "com.apple.product-type.application";
		};
		89D012E31A0282230003DE72 /* BrowseMeetupTests */ = {
			isa = PBXNativeTarget;
			buildConfigurationList = 89D012F81A0282230003DE72 /* Build configuration list for PBXNativeTarget "BrowseMeetupTests" */;
			buildPhases = (
				89D012E01A0282230003DE72 /* Sources */,
				89D012E11A0282230003DE72 /* Frameworks */,
				89D012E21A0282230003DE72 /* Resources */,
			);
			buildRules = (
			);
			dependencies = (
				89D012EA1A0282230003DE72 /* PBXTargetDependency */,
			);
			name = BrowseMeetupTests;
			productName = BrowseMeetupTests;
			productReference = 89D012E41A0282230003DE72 /* BrowseMeetupTests.xctest */;
			productType = "com.apple.product-type.bundle.unit-test";
		};
/* End PBXNativeTarget section */

/* Begin PBXProject section */
		89D012B81A0282220003DE72 /* Project object */ = {
			isa = PBXProject;
			attributes = {
				LastUpgradeCheck = 0510;
				ORGANIZATIONNAME = "Alexander Kuliev";
				TargetAttributes = {
					89D012E31A0282230003DE72 = {
						TestTargetID = 89D012BF1A0282220003DE72;
					};
				};
			};
			buildConfigurationList = 89D012BB1A0282220003DE72 /* Build configuration list for PBXProject "BrowseMeetup" */;
			compatibilityVersion = "Xcode 3.2";
			developmentRegion = English;
			hasScannedForEncodings = 0;
			knownRegions = (
				en,
				Base,
			);
			mainGroup = 89D012B71A0282220003DE72;
			productRefGroup = 89D012C11A0282220003DE72 /* Products */;
			projectDirPath = "";
			projectRoot = "";
			targets = (
				89D012BF1A0282220003DE72 /* BrowseMeetup */,
				89D012E31A0282230003DE72 /* BrowseMeetupTests */,
			);
		};
/* End PBXProject section */

/* Begin PBXResourcesBuildPhase section */
		89D012BE1A0282220003DE72 /* Resources */ = {
			isa = PBXResourcesBuildPhase;
			buildActionMask = 2147483647;
			files = (
				89D012DF1A0282230003DE72 /* Images.xcassets in Resources */,
				89D012CE1A0282230003DE72 /* InfoPlist.strings in Resources */,
				895816B91A03E19B00FF5FB0 /* README.md in Resources */,
				89D012D71A0282230003DE72 /* Main.storyboard in Resources */,
			);
			runOnlyForDeploymentPostprocessing = 0;
		};
		89D012E21A0282230003DE72 /* Resources */ = {
			isa = PBXResourcesBuildPhase;
			buildActionMask = 2147483647;
			files = (
				89D012F01A0282230003DE72 /* InfoPlist.strings in Resources */,
			);
			runOnlyForDeploymentPostprocessing = 0;
		};
/* End PBXResourcesBuildPhase section */

/* Begin PBXSourcesBuildPhase section */
		89D012BC1A0282220003DE72 /* Sources */ = {
			isa = PBXSourcesBuildPhase;
			buildActionMask = 2147483647;
			files = (
				895816B01A03CA0B00FF5FB0 /* MeetupCommunicator.m in Sources */,
				89D012D41A0282230003DE72 /* AppDelegate.m in Sources */,
				89D012DA1A0282230003DE72 /* MasterViewController.m in Sources */,
				895816AC1A03C58200FF5FB0 /* Group.m in Sources */,
				895816B31A03CED800FF5FB0 /* GroupBuilder.m in Sources */,
				895816B71A03D89A00FF5FB0 /* MeetupManager.m in Sources */,
				89D012FD1A0287660003DE72 /* DetailCell.m in Sources */,
				89D012D01A0282230003DE72 /* main.m in Sources */,
			);
			runOnlyForDeploymentPostprocessing = 0;
		};
		89D012E01A0282230003DE72 /* Sources */ = {
			isa = PBXSourcesBuildPhase;
			buildActionMask = 2147483647;
			files = (
				89D012F21A0282230003DE72 /* BrowseMeetupTests.m in Sources */,
			);
			runOnlyForDeploymentPostprocessing = 0;
		};
/* End PBXSourcesBuildPhase section */

/* Begin PBXTargetDependency section */
		89D012EA1A0282230003DE72 /* PBXTargetDependency */ = {
			isa = PBXTargetDependency;
			target = 89D012BF1A0282220003DE72 /* BrowseMeetup */;
			targetProxy = 89D012E91A0282230003DE72 /* PBXContainerItemProxy */;
		};
/* End PBXTargetDependency section */

/* Begin PBXVariantGroup section */
		89D012CC1A0282230003DE72 /* InfoPlist.strings */ = {
			isa = PBXVariantGroup;
			children = (
				89D012CD1A0282230003DE72 /* en */,
			);
			name = InfoPlist.strings;
			sourceTree = "<group>";
		};
		89D012D51A0282230003DE72 /* Main.storyboard */ = {
			isa = PBXVariantGroup;
			children = (
				89D012D61A0282230003DE72 /* Base */,
			);
			name = Main.storyboard;
			sourceTree = "<group>";
		};
		89D012EE1A0282230003DE72 /* InfoPlist.strings */ = {
			isa = PBXVariantGroup;
			children = (
				89D012EF1A0282230003DE72 /* en */,
			);
			name = InfoPlist.strings;
			sourceTree = "<group>";
		};
/* End PBXVariantGroup section */

/* Begin XCBuildConfiguration section */
		89D012F31A0282230003DE72 /* Debug */ = {
			isa = XCBuildConfiguration;
			buildSettings = {
				ALWAYS_SEARCH_USER_PATHS = NO;
				CLANG_CXX_LANGUAGE_STANDARD = "gnu++0x";
				CLANG_CXX_LIBRARY = "libc++";
				CLANG_ENABLE_MODULES = YES;
				CLANG_ENABLE_OBJC_ARC = YES;
				CLANG_WARN_BOOL_CONVERSION = YES;
				CLANG_WARN_CONSTANT_CONVERSION = YES;
				CLANG_WARN_DIRECT_OBJC_ISA_USAGE = YES_ERROR;
				CLANG_WARN_EMPTY_BODY = YES;
				CLANG_WARN_ENUM_CONVERSION = YES;
				CLANG_WARN_INT_CONVERSION = YES;
				CLANG_WARN_OBJC_ROOT_CLASS = YES_ERROR;
				CLANG_WARN__DUPLICATE_METHOD_MATCH = YES;
				"CODE_SIGN_IDENTITY[sdk=iphoneos*]" = "iPhone Developer";
				COPY_PHASE_STRIP = NO;
				GCC_C_LANGUAGE_STANDARD = gnu99;
				GCC_DYNAMIC_NO_PIC = NO;
				GCC_OPTIMIZATION_LEVEL = 0;
				GCC_PREPROCESSOR_DEFINITIONS = (
					"DEBUG=1",
					"$(inherited)",
				);
				GCC_SYMBOLS_PRIVATE_EXTERN = NO;
				GCC_WARN_64_TO_32_BIT_CONVERSION = YES;
				GCC_WARN_ABOUT_RETURN_TYPE = YES_ERROR;
				GCC_WARN_UNDECLARED_SELECTOR = YES;
				GCC_WARN_UNINITIALIZED_AUTOS = YES_AGGRESSIVE;
				GCC_WARN_UNUSED_FUNCTION = YES;
				GCC_WARN_UNUSED_VARIABLE = YES;
				IPHONEOS_DEPLOYMENT_TARGET = 7.1;
				ONLY_ACTIVE_ARCH = YES;
				SDKROOT = iphoneos;
			};
			name = Debug;
		};
		89D012F41A0282230003DE72 /* Release */ = {
			isa = XCBuildConfiguration;
			buildSettings = {
				ALWAYS_SEARCH_USER_PATHS = NO;
				CLANG_CXX_LANGUAGE_STANDARD = "gnu++0x";
				CLANG_CXX_LIBRARY = "libc++";
				CLANG_ENABLE_MODULES = YES;
				CLANG_ENABLE_OBJC_ARC = YES;
				CLANG_WARN_BOOL_CONVERSION = YES;
				CLANG_WARN_CONSTANT_CONVERSION = YES;
				CLANG_WARN_DIRECT_OBJC_ISA_USAGE = YES_ERROR;
				CLANG_WARN_EMPTY_BODY = YES;
				CLANG_WARN_ENUM_CONVERSION = YES;
				CLANG_WARN_INT_CONVERSION = YES;
				CLANG_WARN_OBJC_ROOT_CLASS = YES_ERROR;
				CLANG_WARN__DUPLICATE_METHOD_MATCH = YES;
				"CODE_SIGN_IDENTITY[sdk=iphoneos*]" = "iPhone Developer";
				COPY_PHASE_STRIP = YES;
				ENABLE_NS_ASSERTIONS = NO;
				GCC_C_LANGUAGE_STANDARD = gnu99;
				GCC_WARN_64_TO_32_BIT_CONVERSION = YES;
				GCC_WARN_ABOUT_RETURN_TYPE = YES_ERROR;
				GCC_WARN_UNDECLARED_SELECTOR = YES;
				GCC_WARN_UNINITIALIZED_AUTOS = YES_AGGRESSIVE;
				GCC_WARN_UNUSED_FUNCTION = YES;
				GCC_WARN_UNUSED_VARIABLE = YES;
				IPHONEOS_DEPLOYMENT_TARGET = 7.1;
				SDKROOT = iphoneos;
				VALIDATE_PRODUCT = YES;
			};
			name = Release;
		};
		89D012F61A0282230003DE72 /* Debug */ = {
			isa = XCBuildConfiguration;
			buildSettings = {
				ASSETCATALOG_COMPILER_APPICON_NAME = AppIcon;
				ASSETCATALOG_COMPILER_LAUNCHIMAGE_NAME = LaunchImage;
				GCC_PRECOMPILE_PREFIX_HEADER = YES;
				GCC_PREFIX_HEADER = "BrowseMeetup/BrowseMeetup-Prefix.pch";
				INFOPLIST_FILE = "BrowseMeetup/BrowseMeetup-Info.plist";
				PRODUCT_NAME = "$(TARGET_NAME)";
				WRAPPER_EXTENSION = app;
			};
			name = Debug;
		};
		89D012F71A0282230003DE72 /* Release */ = {
			isa = XCBuildConfiguration;
			buildSettings = {
				ASSETCATALOG_COMPILER_APPICON_NAME = AppIcon;
				ASSETCATALOG_COMPILER_LAUNCHIMAGE_NAME = LaunchImage;
				GCC_PRECOMPILE_PREFIX_HEADER = YES;
				GCC_PREFIX_HEADER = "BrowseMeetup/BrowseMeetup-Prefix.pch";
				INFOPLIST_FILE = "BrowseMeetup/BrowseMeetup-Info.plist";
				PRODUCT_NAME = "$(TARGET_NAME)";
				WRAPPER_EXTENSION = app;
			};
			name = Release;
		};
		89D012F91A0282230003DE72 /* Debug */ = {
			isa = XCBuildConfiguration;
			buildSettings = {
				BUNDLE_LOADER = "$(BUILT_PRODUCTS_DIR)/BrowseMeetup.app/BrowseMeetup";
				FRAMEWORK_SEARCH_PATHS = (
					"$(SDKROOT)/Developer/Library/Frameworks",
					"$(inherited)",
					"$(DEVELOPER_FRAMEWORKS_DIR)",
				);
				GCC_PRECOMPILE_PREFIX_HEADER = YES;
				GCC_PREFIX_HEADER = "BrowseMeetup/BrowseMeetup-Prefix.pch";
				GCC_PREPROCESSOR_DEFINITIONS = (
					"DEBUG=1",
					"$(inherited)",
				);
				INFOPLIST_FILE = "BrowseMeetupTests/BrowseMeetupTests-Info.plist";
				PRODUCT_NAME = "$(TARGET_NAME)";
				TEST_HOST = "$(BUNDLE_LOADER)";
				WRAPPER_EXTENSION = xctest;
			};
			name = Debug;
		};
		89D012FA1A0282230003DE72 /* Release */ = {
			isa = XCBuildConfiguration;
			buildSettings = {
				BUNDLE_LOADER = "$(BUILT_PRODUCTS_DIR)/BrowseMeetup.app/BrowseMeetup";
				FRAMEWORK_SEARCH_PATHS = (
					"$(SDKROOT)/Developer/Library/Frameworks",
					"$(inherited)",
					"$(DEVELOPER_FRAMEWORKS_DIR)",
				);
				GCC_PRECOMPILE_PREFIX_HEADER = YES;
				GCC_PREFIX_HEADER = "BrowseMeetup/BrowseMeetup-Prefix.pch";
				INFOPLIST_FILE = "BrowseMeetupTests/BrowseMeetupTests-Info.plist";
				PRODUCT_NAME = "$(TARGET_NAME)";
				TEST_HOST = "$(BUNDLE_LOADER)";
				WRAPPER_EXTENSION = xctest;
			};
			name = Release;
		};
/* End XCBuildConfiguration section */

/* Begin XCConfigurationList section */
		89D012BB1A0282220003DE72 /* Build configuration list for PBXProject "BrowseMeetup" */ = {
			isa = XCConfigurationList;
			buildConfigurations = (
				89D012F31A0282230003DE72 /* Debug */,
				89D012F41A0282230003DE72 /* Release */,
			);
			defaultConfigurationIsVisible = 0;
			defaultConfigurationName = Release;
		};
		89D012F51A0282230003DE72 /* Build configuration list for PBXNativeTarget "BrowseMeetup" */ = {
			isa = XCConfigurationList;
			buildConfigurations = (
				89D012F61A0282230003DE72 /* Debug */,
				89D012F71A0282230003DE72 /* Release */,
			);
			defaultConfigurationIsVisible = 0;
			defaultConfigurationName = Release;
		};
		89D012F81A0282230003DE72 /* Build configuration list for PBXNativeTarget "BrowseMeetupTests" */ = {
			isa = XCConfigurationList;
			buildConfigurations = (
				89D012F91A0282230003DE72 /* Debug */,
				89D012FA1A0282230003DE72 /* Release */,
			);
			defaultConfigurationIsVisible = 0;
			defaultConfigurationName = Release;
		};
/* End XCConfigurationList section */
	};
	rootObject = 89D012B81A0282220003DE72 /* Project object */;
}
